
Microsoft Visual Studio Solution File, Format Version 12.00
# Visual Studio Version 17
VisualStudioVersion = 17.5.002.0
MinimumVisualStudioVersion = 10.0.40219.1
Project("{2150E333-8FDC-42A3-9474-1A3956D46DE8}") = "src", "src", "{A5E35740-7C39-4F77-9B42-10D0B233466C}"
EndProject
Project("{9A19103F-16F7-4668-BE54-9A1E7A4F7556}") = "analyzers", "src\analyzers\analyzers.csproj", "{CF216213-750C-4A12-9C88-B4984B6D4AEE}"
EndProject
Project("{9A19103F-16F7-4668-BE54-9A1E7A4F7556}") = "common", "src\common\common.csproj", "{DF54390A-A9DB-46AA-9DDA-AF1496798561}"
EndProject
Project("{9A19103F-16F7-4668-BE54-9A1E7A4F7556}") = "hosting", "src\hosting\hosting.csproj", "{5D15870A-0DCB-4317-BA8E-17C3019AD4C1}"
EndProject
Project("{9A19103F-16F7-4668-BE54-9A1E7A4F7556}") = "injection", "src\injection\injection.csproj", "{4A71FE4B-081A-4E06-BBDF-2B19FA8D240F}"
EndProject
Project("{9A19103F-16F7-4668-BE54-9A1E7A4F7556}") = "memory", "src\memory\memory.csproj", "{00CA3B45-E01C-4C3C-80CC-DD8FFE235B5E}"
EndProject
Project("{9A19103F-16F7-4668-BE54-9A1E7A4F7556}") = "system", "src\system\system.csproj", "{2A2A504A-EE1B-4E96-A36C-A97FEA339C96}"
EndProject
Project("{9A19103F-16F7-4668-BE54-9A1E7A4F7556}") = "trimming", "src\trimming\trimming.csproj", "{035EED10-1C0A-4B5C-8B26-358FA4FCEC93}"
EndProject
Project("{2150E333-8FDC-42A3-9474-1A3956D46DE8}") = "samples", "samples", "{5A5A6858-437C-4212-9688-A985D10D78EE}"
EndProject
Project("{9A19103F-16F7-4668-BE54-9A1E7A4F7556}") = "attach", "src\samples\attach\attach.csproj", "{E3BFD56C-03E8-4391-AFC0-C1CDD123F7F0}"
EndProject
Project("{9A19103F-16F7-4668-BE54-9A1E7A4F7556}") = "fdd", "src\samples\fdd\fdd.csproj", "{212307A9-4588-4086-8470-CEE0DDE48935}"
EndProject
Project("{9A19103F-16F7-4668-BE54-9A1E7A4F7556}") = "hooking", "src\samples\hooking\hooking.csproj", "{FBF8CB24-AB5C-45BA-9702-1483CA816739}"
EndProject
Project("{9A19103F-16F7-4668-BE54-9A1E7A4F7556}") = "suspension", "src\samples\suspension\suspension.csproj", "{96828A84-90F9-46B5-A32D-579931DEC058}"
EndProject
Project("{9A19103F-16F7-4668-BE54-9A1E7A4F7556}") = "trace", "src\samples\trace\trace.csproj", "{EEF5AD1E-9C1B-4C82-BAE6-6D470B001CB0}"
EndProject
Global
	GlobalSection(SolutionConfigurationPlatforms) = preSolution
		Debug|Any CPU = Debug|Any CPU
		Release|Any CPU = Release|Any CPU
	EndGlobalSection
	GlobalSection(ProjectConfigurationPlatforms) = postSolution
		{CF216213-750C-4A12-9C88-B4984B6D4AEE}.Debug|Any CPU.ActiveCfg = Debug|Any CPU
		{CF216213-750C-4A12-9C88-B4984B6D4AEE}.Debug|Any CPU.Build.0 = Debug|Any CPU
		{CF216213-750C-4A12-9C88-B4984B6D4AEE}.Release|Any CPU.ActiveCfg = Release|Any CPU
		{CF216213-750C-4A12-9C88-B4984B6D4AEE}.Release|Any CPU.Build.0 = Release|Any CPU
		{DF54390A-A9DB-46AA-9DDA-AF1496798561}.Debug|Any CPU.ActiveCfg = Debug|Any CPU
		{DF54390A-A9DB-46AA-9DDA-AF1496798561}.Debug|Any CPU.Build.0 = Debug|Any CPU
		{DF54390A-A9DB-46AA-9DDA-AF1496798561}.Release|Any CPU.ActiveCfg = Release|Any CPU
		{DF54390A-A9DB-46AA-9DDA-AF1496798561}.Release|Any CPU.Build.0 = Release|Any CPU
		{5D15870A-0DCB-4317-BA8E-17C3019AD4C1}.Debug|Any CPU.ActiveCfg = Debug|Any CPU
		{5D15870A-0DCB-4317-BA8E-17C3019AD4C1}.Debug|Any CPU.Build.0 = Debug|Any CPU
		{5D15870A-0DCB-4317-BA8E-17C3019AD4C1}.Release|Any CPU.ActiveCfg = Release|Any CPU
		{5D15870A-0DCB-4317-BA8E-17C3019AD4C1}.Release|Any CPU.Build.0 = Release|Any CPU
		{4A71FE4B-081A-4E06-BBDF-2B19FA8D240F}.Debug|Any CPU.ActiveCfg = Debug|Any CPU
		{4A71FE4B-081A-4E06-BBDF-2B19FA8D240F}.Debug|Any CPU.Build.0 = Debug|Any CPU
		{4A71FE4B-081A-4E06-BBDF-2B19FA8D240F}.Release|Any CPU.ActiveCfg = Release|Any CPU
		{4A71FE4B-081A-4E06-BBDF-2B19FA8D240F}.Release|Any CPU.Build.0 = Release|Any CPU
		{00CA3B45-E01C-4C3C-80CC-DD8FFE235B5E}.Debug|Any CPU.ActiveCfg = Debug|Any CPU
		{00CA3B45-E01C-4C3C-80CC-DD8FFE235B5E}.Debug|Any CPU.Build.0 = Debug|Any CPU
		{00CA3B45-E01C-4C3C-80CC-DD8FFE235B5E}.Release|Any CPU.ActiveCfg = Release|Any CPU
		{00CA3B45-E01C-4C3C-80CC-DD8FFE235B5E}.Release|Any CPU.Build.0 = Release|Any CPU
		{2A2A504A-EE1B-4E96-A36C-A97FEA339C96}.Debug|Any CPU.ActiveCfg = Debug|Any CPU
		{2A2A504A-EE1B-4E96-A36C-A97FEA339C96}.Debug|Any CPU.Build.0 = Debug|Any CPU
		{2A2A504A-EE1B-4E96-A36C-A97FEA339C96}.Release|Any CPU.ActiveCfg = Release|Any CPU
		{2A2A504A-EE1B-4E96-A36C-A97FEA339C96}.Release|Any CPU.Build.0 = Release|Any CPU
		{035EED10-1C0A-4B5C-8B26-358FA4FCEC93}.Debug|Any CPU.ActiveCfg = Debug|Any CPU
		{035EED10-1C0A-4B5C-8B26-358FA4FCEC93}.Debug|Any CPU.Build.0 = Debug|Any CPU
		{035EED10-1C0A-4B5C-8B26-358FA4FCEC93}.Release|Any CPU.ActiveCfg = Release|Any CPU
		{035EED10-1C0A-4B5C-8B26-358FA4FCEC93}.Release|Any CPU.Build.0 = Release|Any CPU
		{E3BFD56C-03E8-4391-AFC0-C1CDD123F7F0}.Debug|Any CPU.ActiveCfg = Debug|Any CPU
		{E3BFD56C-03E8-4391-AFC0-C1CDD123F7F0}.Debug|Any CPU.Build.0 = Debug|Any CPU
		{E3BFD56C-03E8-4391-AFC0-C1CDD123F7F0}.Release|Any CPU.ActiveCfg = Release|Any CPU
		{E3BFD56C-03E8-4391-AFC0-C1CDD123F7F0}.Release|Any CPU.Build.0 = Release|Any CPU
		{212307A9-4588-4086-8470-CEE0DDE48935}.Debug|Any CPU.ActiveCfg = Debug|Any CPU
		{212307A9-4588-4086-8470-CEE0DDE48935}.Debug|Any CPU.Build.0 = Debug|Any CPU
		{212307A9-4588-4086-8470-CEE0DDE48935}.Release|Any CPU.ActiveCfg = Release|Any CPU
		{212307A9-4588-4086-8470-CEE0DDE48935}.Release|Any CPU.Build.0 = Release|Any CPU
		{FBF8CB24-AB5C-45BA-9702-1483CA816739}.Debug|Any CPU.ActiveCfg = Debug|Any CPU
		{FBF8CB24-AB5C-45BA-9702-1483CA816739}.Debug|Any CPU.Build.0 = Debug|Any CPU
		{FBF8CB24-AB5C-45BA-9702-1483CA816739}.Release|Any CPU.ActiveCfg = Release|Any CPU
		{FBF8CB24-AB5C-45BA-9702-1483CA816739}.Release|Any CPU.Build.0 = Release|Any CPU
		{96828A84-90F9-46B5-A32D-579931DEC058}.Debug|Any CPU.ActiveCfg = Debug|Any CPU
		{96828A84-90F9-46B5-A32D-579931DEC058}.Debug|Any CPU.Build.0 = Debug|Any CPU
		{96828A84-90F9-46B5-A32D-579931DEC058}.Release|Any CPU.ActiveCfg = Release|Any CPU
		{96828A84-90F9-46B5-A32D-579931DEC058}.Release|Any CPU.Build.0 = Release|Any CPU
		{EEF5AD1E-9C1B-4C82-BAE6-6D470B001CB0}.Debug|Any CPU.ActiveCfg = Debug|Any CPU
		{EEF5AD1E-9C1B-4C82-BAE6-6D470B001CB0}.Debug|Any CPU.Build.0 = Debug|Any CPU
		{EEF5AD1E-9C1B-4C82-BAE6-6D470B001CB0}.Release|Any CPU.ActiveCfg = Release|Any CPU
		{EEF5AD1E-9C1B-4C82-BAE6-6D470B001CB0}.Release|Any CPU.Build.0 = Release|Any CPU
	EndGlobalSection
	GlobalSection(SolutionProperties) = preSolution
		HideSolutionNode = FALSE
	EndGlobalSection
	GlobalSection(NestedProjects) = preSolution
		{CF216213-750C-4A12-9C88-B4984B6D4AEE} = {A5E35740-7C39-4F77-9B42-10D0B233466C}
		{DF54390A-A9DB-46AA-9DDA-AF1496798561} = {A5E35740-7C39-4F77-9B42-10D0B233466C}
		{5D15870A-0DCB-4317-BA8E-17C3019AD4C1} = {A5E35740-7C39-4F77-9B42-10D0B233466C}
		{4A71FE4B-081A-4E06-BBDF-2B19FA8D240F} = {A5E35740-7C39-4F77-9B42-10D0B233466C}
		{00CA3B45-E01C-4C3C-80CC-DD8FFE235B5E} = {A5E35740-7C39-4F77-9B42-10D0B233466C}
		{2A2A504A-EE1B-4E96-A36C-A97FEA339C96} = {A5E35740-7C39-4F77-9B42-10D0B233466C}
		{035EED10-1C0A-4B5C-8B26-358FA4FCEC93} = {A5E35740-7C39-4F77-9B42-10D0B233466C}
		{5A5A6858-437C-4212-9688-A985D10D78EE} = {A5E35740-7C39-4F77-9B42-10D0B233466C}
		{E3BFD56C-03E8-4391-AFC0-C1CDD123F7F0} = {5A5A6858-437C-4212-9688-A985D10D78EE}
		{212307A9-4588-4086-8470-CEE0DDE48935} = {5A5A6858-437C-4212-9688-A985D10D78EE}
		{FBF8CB24-AB5C-45BA-9702-1483CA816739} = {5A5A6858-437C-4212-9688-A985D10D78EE}
		{96828A84-90F9-46B5-A32D-579931DEC058} = {5A5A6858-437C-4212-9688-A985D10D78EE}
		{EEF5AD1E-9C1B-4C82-BAE6-6D470B001CB0} = {5A5A6858-437C-4212-9688-A985D10D78EE}
	EndGlobalSection
	GlobalSection(ExtensibilityGlobals) = postSolution
		SolutionGuid = {46B8BEB1-BF79-47A7-9CDE-62832C7CC040}
	EndGlobalSection
EndGlobal
